
Microsoft Visual Studio Solution File, Format Version 12.00
# Visual Studio Version 17
VisualStudioVersion = 17.2.32616.157
MinimumVisualStudioVersion = 10.0.40219.1
Project("{FAE04EC0-301F-11D3-BF4B-00C04F79EFBC}") = "kalkulator_ke2", "kalkulator ke2\kalkulator_ke2.csproj", "{4612169E-FFAB-4F63-89D7-C86B05AC8BED}"
EndProject
Global
	GlobalSection(SolutionConfigurationPlatforms) = preSolution
		Debug|Any CPU = Debug|Any CPU
		Release|Any CPU = Release|Any CPU
	EndGlobalSection
	GlobalSection(ProjectConfigurationPlatforms) = postSolution
		{4612169E-FFAB-4F63-89D7-C86B05AC8BED}.Debug|Any CPU.ActiveCfg = Debug|Any CPU
		{4612169E-FFAB-4F63-89D7-C86B05AC8BED}.Debug|Any CPU.Build.0 = Debug|Any CPU
		{4612169E-FFAB-4F63-89D7-C86B05AC8BED}.Release|Any CPU.ActiveCfg = Release|Any CPU
		{4612169E-FFAB-4F63-89D7-C86B05AC8BED}.Release|Any CPU.Build.0 = Release|Any CPU
	EndGlobalSection
	GlobalSection(SolutionProperties) = preSolution
		HideSolutionNode = FALSE
	EndGlobalSection
	GlobalSection(ExtensibilityGlobals) = postSolution
		SolutionGuid = {1CFFCD1C-1A6C-4028-8C4B-35DA7F916ECB}
	EndGlobalSection
EndGlobal
